lockfileVersion: '9.0'

settings:
  autoInstallPeers: true
  excludeLinksFromLockfile: false

importers:

  .:
    dependencies:
      gl-matrix:
        specifier: ^3.3.0
        version: 3.4.3
    devDependencies:
      '@types/webxr':
        specifier: ^0.5.20
        version: 0.5.20
      '@webgpu/types':
        specifier: ^0.1.44
        version: 0.1.44
      typescript:
        specifier: ^5.6.2
        version: 5.6.2

packages:

  '@types/webxr@0.5.20':
    resolution: {integrity: sha512-JGpU6qiIJQKUuVSKx1GtQnHJGxRjtfGIhzO2ilq43VZZS//f1h1Sgexbdk+Lq+7569a6EYhOWrUpIruR/1Enmg==}

  '@webgpu/types@0.1.44':
    resolution: {integrity: sha512-JDpYJN5E/asw84LTYhKyvPpxGnD+bAKPtpW9Ilurf7cZpxaTbxkQcGwOd7jgB9BPBrTYQ+32ufo4HiuomTjHNQ==}

  gl-matrix@3.4.3:
    resolution: {integrity: sha512-wcCp8vu8FT22BnvKVPjXa/ICBWRq/zjFfdofZy1WSpQZpphblv12/bOQLBC1rMM7SGOFS9ltVmKOHil5+Ml7gA==}

  typescript@5.6.2:
    resolution: {integrity: sha512-NW8ByodCSNCwZeghjN3o+JX5OFH0Ojg6sadjEKY4huZ52TqbJTJnDo5+Tw98lSy63NZvi4n+ez5m2u5d4PkZyw==}
    engines: {node: '>=14.17'}
    hasBin: true

snapshots:

  '@types/webxr@0.5.20': {}

  '@webgpu/types@0.1.44': {}

  gl-matrix@3.4.3: {}

  typescript@5.6.2: {}
