# THIS IS AN AUTOGENERATED FILE. DO NOT EDIT THIS FILE DIRECTLY.
# yarn lockfile v1


"@webgpu/types@^0.1.2":
  version "0.1.2"
  resolved "https://registry.yarnpkg.com/@webgpu/types/-/types-0.1.2.tgz#471162107b014c39526dc28b7dad2fc6006550ef"
  integrity sha512-x2xc4dfBRNNE2ACsgn/x633ETgkXQMLSfrmNdfy3DH0zno3AAsIVB5xQqYPDOb2ANE6vpJpDrHGDlrRVSsgomA==

esbuild@^0.11.14:
  version "0.11.14"
  resolved "https://registry.yarnpkg.com/esbuild/-/esbuild-0.11.14.tgz#0f4beba211d6d23e2825f61a89ccff1eef96361b"
  integrity sha512-ejheEPkqhq5y0LM9rG9e+3yDihPtqeeE4NZmG7VQiSGJ3CjO4HvPOHmhhttSksfSztjLAGo2+0/zSIvlqj4JOQ==

gfxrlz@../:
  version "0.0.1"
  dependencies:
    "@webgpu/types" "^0.1.2"
    gl-matrix "^3.3.0"

gl-matrix@^3.3.0:
  version "3.3.0"
  resolved "https://registry.yarnpkg.com/gl-matrix/-/gl-matrix-3.3.0.tgz#232eef60b1c8b30a28cbbe75b2caf6c48fd6358b"
  integrity sha512-COb7LDz+SXaHtl/h4LeaFcNdJdAQSDeVqjiIihSXNrkWObZLhDI4hIkZC11Aeqp7bcE72clzB0BnDXr2SmslRA==
